
Microsoft Visual Studio Solution File, Format Version 12.00
# Visual Studio 15
VisualStudioVersion = 15.0.26403.7
MinimumVisualStudioVersion = 10.0.40219.1
Project("{FAE04EC0-301F-11D3-BF4B-00C04F79EFBC}") = "XF.LocalDB.Android", "XF.LocalDB\XF.LocalDB.Android\XF.LocalDB.Android.csproj", "{83C91230-F030-4DB4-B107-32A39EDAE128}"
EndProject
Project("{FAE04EC0-301F-11D3-BF4B-00C04F79EFBC}") = "XF.LocalDB", "XF.LocalDB\XF.LocalDB\XF.LocalDB.csproj", "{20C71547-18B7-44FE-B190-654968FC99C3}"
EndProject
Project("{FAE04EC0-301F-11D3-BF4B-00C04F79EFBC}") = "XF.LocalDB.UWP", "XF.LocalDB\XF.LocalDB.UWP\XF.LocalDB.UWP.csproj", "{A375D71E-20F5-49FD-BC04-B23E40E443B6}"
EndProject
Project("{FAE04EC0-301F-11D3-BF4B-00C04F79EFBC}") = "XF.LocalDB.iOS", "XF.LocalDB\XF.LocalDB.iOS\XF.LocalDB.iOS.csproj", "{F7F85D20-F3DF-4C1E-AF65-C4E7F7A0A7C0}"
EndProject
Global
	GlobalSection(SolutionConfigurationPlatforms) = preSolution
		Ad-Hoc|Any CPU = Ad-Hoc|Any CPU
		Ad-Hoc|ARM = Ad-Hoc|ARM
		Ad-Hoc|iPhone = Ad-Hoc|iPhone
		Ad-Hoc|iPhoneSimulator = Ad-Hoc|iPhoneSimulator
		Ad-Hoc|x64 = Ad-Hoc|x64
		Ad-Hoc|x86 = Ad-Hoc|x86
		AppStore|Any CPU = AppStore|Any CPU
		AppStore|ARM = AppStore|ARM
		AppStore|iPhone = AppStore|iPhone
		AppStore|iPhoneSimulator = AppStore|iPhoneSimulator
		AppStore|x64 = AppStore|x64
		AppStore|x86 = AppStore|x86
		Debug|Any CPU = Debug|Any CPU
		Debug|ARM = Debug|ARM
		Debug|iPhone = Debug|iPhone
		Debug|iPhoneSimulator = Debug|iPhoneSimulator
		Debug|x64 = Debug|x64
		Debug|x86 = Debug|x86
		Release|Any CPU = Release|Any CPU
		Release|ARM = Release|ARM
		Release|iPhone = Release|iPhone
		Release|iPhoneSimulator = Release|iPhoneSimulator
		Release|x64 = Release|x64
		Release|x86 = Release|x86
	EndGlobalSection
	GlobalSection(ProjectConfigurationPlatforms) = postSolution
		{83C91230-F030-4DB4-B107-32A39EDAE128}.Ad-Hoc|Any CPU.ActiveCfg = Release|Any CPU
		{83C91230-F030-4DB4-B107-32A39EDAE128}.Ad-Hoc|Any CPU.Build.0 = Release|Any CPU
		{83C91230-F030-4DB4-B107-32A39EDAE128}.Ad-Hoc|Any CPU.Deploy.0 = Release|Any CPU
		{83C91230-F030-4DB4-B107-32A39EDAE128}.Ad-Hoc|ARM.ActiveCfg = Release|Any CPU
		{83C91230-F030-4DB4-B107-32A39EDAE128}.Ad-Hoc|ARM.Build.0 = Release|Any CPU
		{83C91230-F030-4DB4-B107-32A39EDAE128}.Ad-Hoc|ARM.Deploy.0 = Release|Any CPU
		{83C91230-F030-4DB4-B107-32A39EDAE128}.Ad-Hoc|iPhone.ActiveCfg = Release|Any CPU
		{83C91230-F030-4DB4-B107-32A39EDAE128}.Ad-Hoc|iPhone.Build.0 = Release|Any CPU
		{83C91230-F030-4DB4-B107-32A39EDAE128}.Ad-Hoc|iPhone.Deploy.0 = Release|Any CPU
		{83C91230-F030-4DB4-B107-32A39EDAE128}.Ad-Hoc|iPhoneSimulator.ActiveCfg = Release|Any CPU
		{83C91230-F030-4DB4-B107-32A39EDAE128}.Ad-Hoc|iPhoneSimulator.Build.0 = Release|Any CPU
		{83C91230-F030-4DB4-B107-32A39EDAE128}.Ad-Hoc|iPhoneSimulator.Deploy.0 = Release|Any CPU
		{83C91230-F030-4DB4-B107-32A39EDAE128}.Ad-Hoc|x64.ActiveCfg = Release|Any CPU
		{83C91230-F030-4DB4-B107-32A39EDAE128}.Ad-Hoc|x64.Build.0 = Release|Any CPU
		{83C91230-F030-4DB4-B107-32A39EDAE128}.Ad-Hoc|x64.Deploy.0 = Release|Any CPU
		{83C91230-F030-4DB4-B107-32A39EDAE128}.Ad-Hoc|x86.ActiveCfg = Release|Any CPU
		{83C91230-F030-4DB4-B107-32A39EDAE128}.Ad-Hoc|x86.Build.0 = Release|Any CPU
		{83C91230-F030-4DB4-B107-32A39EDAE128}.Ad-Hoc|x86.Deploy.0 = Release|Any CPU
		{83C91230-F030-4DB4-B107-32A39EDAE128}.AppStore|Any CPU.ActiveCfg = Release|Any CPU
		{83C91230-F030-4DB4-B107-32A39EDAE128}.AppStore|Any CPU.Build.0 = Release|Any CPU
		{83C91230-F030-4DB4-B107-32A39EDAE128}.AppStore|Any CPU.Deploy.0 = Release|Any CPU
		{83C91230-F030-4DB4-B107-32A39EDAE128}.AppStore|ARM.ActiveCfg = Release|Any CPU
		{83C91230-F030-4DB4-B107-32A39EDAE128}.AppStore|ARM.Build.0 = Release|Any CPU
		{83C91230-F030-4DB4-B107-32A39EDAE128}.AppStore|ARM.Deploy.0 = Release|Any CPU
		{83C91230-F030-4DB4-B107-32A39EDAE128}.AppStore|iPhone.ActiveCfg = Release|Any CPU
		{83C91230-F030-4DB4-B107-32A39EDAE128}.AppStore|iPhone.Build.0 = Release|Any CPU
		{83C91230-F030-4DB4-B107-32A39EDAE128}.AppStore|iPhone.Deploy.0 = Release|Any CPU
		{83C91230-F030-4DB4-B107-32A39EDAE128}.AppStore|iPhoneSimulator.ActiveCfg = Release|Any CPU
		{83C91230-F030-4DB4-B107-32A39EDAE128}.AppStore|iPhoneSimulator.Build.0 = Release|Any CPU
		{83C91230-F030-4DB4-B107-32A39EDAE128}.AppStore|iPhoneSimulator.Deploy.0 = Release|Any CPU
		{83C91230-F030-4DB4-B107-32A39EDAE128}.AppStore|x64.ActiveCfg = Release|Any CPU
		{83C91230-F030-4DB4-B107-32A39EDAE128}.AppStore|x64.Build.0 = Release|Any CPU
		{83C91230-F030-4DB4-B107-32A39EDAE128}.AppStore|x64.Deploy.0 = Release|Any CPU
		{83C91230-F030-4DB4-B107-32A39EDAE128}.AppStore|x86.ActiveCfg = Release|Any CPU
		{83C91230-F030-4DB4-B107-32A39EDAE128}.AppStore|x86.Build.0 = Release|Any CPU
		{83C91230-F030-4DB4-B107-32A39EDAE128}.AppStore|x86.Deploy.0 = Release|Any CPU
		{83C91230-F030-4DB4-B107-32A39EDAE128}.Debug|Any CPU.ActiveCfg = Debug|Any CPU
		{83C91230-F030-4DB4-B107-32A39EDAE128}.Debug|Any CPU.Build.0 = Debug|Any CPU
		{83C91230-F030-4DB4-B107-32A39EDAE128}.Debug|Any CPU.Deploy.0 = Debug|Any CPU
		{83C91230-F030-4DB4-B107-32A39EDAE128}.Debug|ARM.ActiveCfg = Debug|Any CPU
		{83C91230-F030-4DB4-B107-32A39EDAE128}.Debug|ARM.Build.0 = Debug|Any CPU
		{83C91230-F030-4DB4-B107-32A39EDAE128}.Debug|ARM.Deploy.0 = Debug|Any CPU
		{83C91230-F030-4DB4-B107-32A39EDAE128}.Debug|iPhone.ActiveCfg = Debug|Any CPU
		{83C91230-F030-4DB4-B107-32A39EDAE128}.Debug|iPhone.Build.0 = Debug|Any CPU
		{83C91230-F030-4DB4-B107-32A39EDAE128}.Debug|iPhone.Deploy.0 = Debug|Any CPU
		{83C91230-F030-4DB4-B107-32A39EDAE128}.Debug|iPhoneSimulator.ActiveCfg = Debug|Any CPU
		{83C91230-F030-4DB4-B107-32A39EDAE128}.Debug|iPhoneSimulator.Build.0 = Debug|Any CPU
		{83C91230-F030-4DB4-B107-32A39EDAE128}.Debug|iPhoneSimulator.Deploy.0 = Debug|Any CPU
		{83C91230-F030-4DB4-B107-32A39EDAE128}.Debug|x64.ActiveCfg = Debug|Any CPU
		{83C91230-F030-4DB4-B107-32A39EDAE128}.Debug|x64.Build.0 = Debug|Any CPU
		{83C91230-F030-4DB4-B107-32A39EDAE128}.Debug|x64.Deploy.0 = Debug|Any CPU
		{83C91230-F030-4DB4-B107-32A39EDAE128}.Debug|x86.ActiveCfg = Debug|Any CPU
		{83C91230-F030-4DB4-B107-32A39EDAE128}.Debug|x86.Build.0 = Debug|Any CPU
		{83C91230-F030-4DB4-B107-32A39EDAE128}.Debug|x86.Deploy.0 = Debug|Any CPU
		{83C91230-F030-4DB4-B107-32A39EDAE128}.Release|Any CPU.ActiveCfg = Release|Any CPU
		{83C91230-F030-4DB4-B107-32A39EDAE128}.Release|Any CPU.Build.0 = Release|Any CPU
		{83C91230-F030-4DB4-B107-32A39EDAE128}.Release|Any CPU.Deploy.0 = Release|Any CPU
		{83C91230-F030-4DB4-B107-32A39EDAE128}.Release|ARM.ActiveCfg = Release|Any CPU
		{83C91230-F030-4DB4-B107-32A39EDAE128}.Release|ARM.Build.0 = Release|Any CPU
		{83C91230-F030-4DB4-B107-32A39EDAE128}.Release|ARM.Deploy.0 = Release|Any CPU
		{83C91230-F030-4DB4-B107-32A39EDAE128}.Release|iPhone.ActiveCfg = Release|Any CPU
		{83C91230-F030-4DB4-B107-32A39EDAE128}.Release|iPhone.Build.0 = Release|Any CPU
		{83C91230-F030-4DB4-B107-32A39EDAE128}.Release|iPhone.Deploy.0 = Release|Any CPU
		{83C91230-F030-4DB4-B107-32A39EDAE128}.Release|iPhoneSimulator.ActiveCfg = Release|Any CPU
		{83C91230-F030-4DB4-B107-32A39EDAE128}.Release|iPhoneSimulator.Build.0 = Release|Any CPU
		{83C91230-F030-4DB4-B107-32A39EDAE128}.Release|iPhoneSimulator.Deploy.0 = Release|Any CPU
		{83C91230-F030-4DB4-B107-32A39EDAE128}.Release|x64.ActiveCfg = Release|Any CPU
		{83C91230-F030-4DB4-B107-32A39EDAE128}.Release|x64.Build.0 = Release|Any CPU
		{83C91230-F030-4DB4-B107-32A39EDAE128}.Release|x64.Deploy.0 = Release|Any CPU
		{83C91230-F030-4DB4-B107-32A39EDAE128}.Release|x86.ActiveCfg = Release|Any CPU
		{83C91230-F030-4DB4-B107-32A39EDAE128}.Release|x86.Build.0 = Release|Any CPU
		{83C91230-F030-4DB4-B107-32A39EDAE128}.Release|x86.Deploy.0 = Release|Any CPU
		{20C71547-18B7-44FE-B190-654968FC99C3}.Ad-Hoc|Any CPU.ActiveCfg = Release|Any CPU
		{20C71547-18B7-44FE-B190-654968FC99C3}.Ad-Hoc|Any CPU.Build.0 = Release|Any CPU
		{20C71547-18B7-44FE-B190-654968FC99C3}.Ad-Hoc|ARM.ActiveCfg = Release|Any CPU
		{20C71547-18B7-44FE-B190-654968FC99C3}.Ad-Hoc|ARM.Build.0 = Release|Any CPU
		{20C71547-18B7-44FE-B190-654968FC99C3}.Ad-Hoc|iPhone.ActiveCfg = Release|Any CPU
		{20C71547-18B7-44FE-B190-654968FC99C3}.Ad-Hoc|iPhone.Build.0 = Release|Any CPU
		{20C71547-18B7-44FE-B190-654968FC99C3}.Ad-Hoc|iPhoneSimulator.ActiveCfg = Release|Any CPU
		{20C71547-18B7-44FE-B190-654968FC99C3}.Ad-Hoc|iPhoneSimulator.Build.0 = Release|Any CPU
		{20C71547-18B7-44FE-B190-654968FC99C3}.Ad-Hoc|x64.ActiveCfg = Release|Any CPU
		{20C71547-18B7-44FE-B190-654968FC99C3}.Ad-Hoc|x64.Build.0 = Release|Any CPU
		{20C71547-18B7-44FE-B190-654968FC99C3}.Ad-Hoc|x86.ActiveCfg = Release|Any CPU
		{20C71547-18B7-44FE-B190-654968FC99C3}.Ad-Hoc|x86.Build.0 = Release|Any CPU
		{20C71547-18B7-44FE-B190-654968FC99C3}.AppStore|Any CPU.ActiveCfg = Release|Any CPU
		{20C71547-18B7-44FE-B190-654968FC99C3}.AppStore|Any CPU.Build.0 = Release|Any CPU
		{20C71547-18B7-44FE-B190-654968FC99C3}.AppStore|ARM.ActiveCfg = Release|Any CPU
		{20C71547-18B7-44FE-B190-654968FC99C3}.AppStore|ARM.Build.0 = Release|Any CPU
		{20C71547-18B7-44FE-B190-654968FC99C3}.AppStore|iPhone.ActiveCfg = Release|Any CPU
		{20C71547-18B7-44FE-B190-654968FC99C3}.AppStore|iPhone.Build.0 = Release|Any CPU
		{20C71547-18B7-44FE-B190-654968FC99C3}.AppStore|iPhoneSimulator.ActiveCfg = Release|Any CPU
		{20C71547-18B7-44FE-B190-654968FC99C3}.AppStore|iPhoneSimulator.Build.0 = Release|Any CPU
		{20C71547-18B7-44FE-B190-654968FC99C3}.AppStore|x64.ActiveCfg = Release|Any CPU
		{20C71547-18B7-44FE-B190-654968FC99C3}.AppStore|x64.Build.0 = Release|Any CPU
		{20C71547-18B7-44FE-B190-654968FC99C3}.AppStore|x86.ActiveCfg = Release|Any CPU
		{20C71547-18B7-44FE-B190-654968FC99C3}.AppStore|x86.Build.0 = Release|Any CPU
		{20C71547-18B7-44FE-B190-654968FC99C3}.Debug|Any CPU.ActiveCfg = Debug|Any CPU
		{20C71547-18B7-44FE-B190-654968FC99C3}.Debug|Any CPU.Build.0 = Debug|Any CPU
		{20C71547-18B7-44FE-B190-654968FC99C3}.Debug|ARM.ActiveCfg = Debug|Any CPU
		{20C71547-18B7-44FE-B190-654968FC99C3}.Debug|ARM.Build.0 = Debug|Any CPU
		{20C71547-18B7-44FE-B190-654968FC99C3}.Debug|iPhone.ActiveCfg = Debug|Any CPU
		{20C71547-18B7-44FE-B190-654968FC99C3}.Debug|iPhone.Build.0 = Debug|Any CPU
		{20C71547-18B7-44FE-B190-654968FC99C3}.Debug|iPhoneSimulator.ActiveCfg = Debug|Any CPU
		{20C71547-18B7-44FE-B190-654968FC99C3}.Debug|iPhoneSimulator.Build.0 = Debug|Any CPU
		{20C71547-18B7-44FE-B190-654968FC99C3}.Debug|x64.ActiveCfg = Debug|Any CPU
		{20C71547-18B7-44FE-B190-654968FC99C3}.Debug|x64.Build.0 = Debug|Any CPU
		{20C71547-18B7-44FE-B190-654968FC99C3}.Debug|x86.ActiveCfg = Debug|Any CPU
		{20C71547-18B7-44FE-B190-654968FC99C3}.Debug|x86.Build.0 = Debug|Any CPU
		{20C71547-18B7-44FE-B190-654968FC99C3}.Release|Any CPU.ActiveCfg = Release|Any CPU
		{20C71547-18B7-44FE-B190-654968FC99C3}.Release|Any CPU.Build.0 = Release|Any CPU
		{20C71547-18B7-44FE-B190-654968FC99C3}.Release|ARM.ActiveCfg = Release|Any CPU
		{20C71547-18B7-44FE-B190-654968FC99C3}.Release|ARM.Build.0 = Release|Any CPU
		{20C71547-18B7-44FE-B190-654968FC99C3}.Release|iPhone.ActiveCfg = Release|Any CPU
		{20C71547-18B7-44FE-B190-654968FC99C3}.Release|iPhone.Build.0 = Release|Any CPU
		{20C71547-18B7-44FE-B190-654968FC99C3}.Release|iPhoneSimulator.ActiveCfg = Release|Any CPU
		{20C71547-18B7-44FE-B190-654968FC99C3}.Release|iPhoneSimulator.Build.0 = Release|Any CPU
		{20C71547-18B7-44FE-B190-654968FC99C3}.Release|x64.ActiveCfg = Release|Any CPU
		{20C71547-18B7-44FE-B190-654968FC99C3}.Release|x64.Build.0 = Release|Any CPU
		{20C71547-18B7-44FE-B190-654968FC99C3}.Release|x86.ActiveCfg = Release|Any CPU
		{20C71547-18B7-44FE-B190-654968FC99C3}.Release|x86.Build.0 = Release|Any CPU
		{A375D71E-20F5-49FD-BC04-B23E40E443B6}.Ad-Hoc|Any CPU.ActiveCfg = Release|x86
		{A375D71E-20F5-49FD-BC04-B23E40E443B6}.Ad-Hoc|Any CPU.Build.0 = Release|x86
		{A375D71E-20F5-49FD-BC04-B23E40E443B6}.Ad-Hoc|Any CPU.Deploy.0 = Release|x86
		{A375D71E-20F5-49FD-BC04-B23E40E443B6}.Ad-Hoc|ARM.ActiveCfg = Release|ARM
		{A375D71E-20F5-49FD-BC04-B23E40E443B6}.Ad-Hoc|ARM.Build.0 = Release|ARM
		{A375D71E-20F5-49FD-BC04-B23E40E443B6}.Ad-Hoc|ARM.Deploy.0 = Release|ARM
		{A375D71E-20F5-49FD-BC04-B23E40E443B6}.Ad-Hoc|iPhone.ActiveCfg = Release|x86
		{A375D71E-20F5-49FD-BC04-B23E40E443B6}.Ad-Hoc|iPhone.Build.0 = Release|x86
		{A375D71E-20F5-49FD-BC04-B23E40E443B6}.Ad-Hoc|iPhone.Deploy.0 = Release|x86
		{A375D71E-20F5-49FD-BC04-B23E40E443B6}.Ad-Hoc|iPhoneSimulator.ActiveCfg = Release|x86
		{A375D71E-20F5-49FD-BC04-B23E40E443B6}.Ad-Hoc|iPhoneSimulator.Build.0 = Release|x86
		{A375D71E-20F5-49FD-BC04-B23E40E443B6}.Ad-Hoc|iPhoneSimulator.Deploy.0 = Release|x86
		{A375D71E-20F5-49FD-BC04-B23E40E443B6}.Ad-Hoc|x64.ActiveCfg = Release|x64
		{A375D71E-20F5-49FD-BC04-B23E40E443B6}.Ad-Hoc|x64.Build.0 = Release|x64
		{A375D71E-20F5-49FD-BC04-B23E40E443B6}.Ad-Hoc|x64.Deploy.0 = Release|x64
		{A375D71E-20F5-49FD-BC04-B23E40E443B6}.Ad-Hoc|x86.ActiveCfg = Release|x86
		{A375D71E-20F5-49FD-BC04-B23E40E443B6}.Ad-Hoc|x86.Build.0 = Release|x86
		{A375D71E-20F5-49FD-BC04-B23E40E443B6}.Ad-Hoc|x86.Deploy.0 = Release|x86
		{A375D71E-20F5-49FD-BC04-B23E40E443B6}.AppStore|Any CPU.ActiveCfg = Release|x86
		{A375D71E-20F5-49FD-BC04-B23E40E443B6}.AppStore|Any CPU.Build.0 = Release|x86
		{A375D71E-20F5-49FD-BC04-B23E40E443B6}.AppStore|Any CPU.Deploy.0 = Release|x86
		{A375D71E-20F5-49FD-BC04-B23E40E443B6}.AppStore|ARM.ActiveCfg = Release|ARM
		{A375D71E-20F5-49FD-BC04-B23E40E443B6}.AppStore|ARM.Build.0 = Release|ARM
		{A375D71E-20F5-49FD-BC04-B23E40E443B6}.AppStore|ARM.Deploy.0 = Release|ARM
		{A375D71E-20F5-49FD-BC04-B23E40E443B6}.AppStore|iPhone.ActiveCfg = Release|x86
		{A375D71E-20F5-49FD-BC04-B23E40E443B6}.AppStore|iPhone.Build.0 = Release|x86
		{A375D71E-20F5-49FD-BC04-B23E40E443B6}.AppStore|iPhone.Deploy.0 = Release|x86
		{A375D71E-20F5-49FD-BC04-B23E40E443B6}.AppStore|iPhoneSimulator.ActiveCfg = Release|x86
		{A375D71E-20F5-49FD-BC04-B23E40E443B6}.AppStore|iPhoneSimulator.Build.0 = Release|x86
		{A375D71E-20F5-49FD-BC04-B23E40E443B6}.AppStore|iPhoneSimulator.Deploy.0 = Release|x86
		{A375D71E-20F5-49FD-BC04-B23E40E443B6}.AppStore|x64.ActiveCfg = Release|x64
		{A375D71E-20F5-49FD-BC04-B23E40E443B6}.AppStore|x64.Build.0 = Release|x64
		{A375D71E-20F5-49FD-BC04-B23E40E443B6}.AppStore|x64.Deploy.0 = Release|x64
		{A375D71E-20F5-49FD-BC04-B23E40E443B6}.AppStore|x86.ActiveCfg = Release|x86
		{A375D71E-20F5-49FD-BC04-B23E40E443B6}.AppStore|x86.Build.0 = Release|x86
		{A375D71E-20F5-49FD-BC04-B23E40E443B6}.AppStore|x86.Deploy.0 = Release|x86
		{A375D71E-20F5-49FD-BC04-B23E40E443B6}.Debug|Any CPU.ActiveCfg = Debug|x86
		{A375D71E-20F5-49FD-BC04-B23E40E443B6}.Debug|ARM.ActiveCfg = Debug|ARM
		{A375D71E-20F5-49FD-BC04-B23E40E443B6}.Debug|ARM.Build.0 = Debug|ARM
		{A375D71E-20F5-49FD-BC04-B23E40E443B6}.Debug|ARM.Deploy.0 = Debug|ARM
		{A375D71E-20F5-49FD-BC04-B23E40E443B6}.Debug|iPhone.ActiveCfg = Debug|x86
		{A375D71E-20F5-49FD-BC04-B23E40E443B6}.Debug|iPhoneSimulator.ActiveCfg = Debug|x86
		{A375D71E-20F5-49FD-BC04-B23E40E443B6}.Debug|x64.ActiveCfg = Debug|x64
		{A375D71E-20F5-49FD-BC04-B23E40E443B6}.Debug|x64.Build.0 = Debug|x64
		{A375D71E-20F5-49FD-BC04-B23E40E443B6}.Debug|x64.Deploy.0 = Debug|x64
		{A375D71E-20F5-49FD-BC04-B23E40E443B6}.Debug|x86.ActiveCfg = Debug|x86
		{A375D71E-20F5-49FD-BC04-B23E40E443B6}.Debug|x86.Build.0 = Debug|x86
		{A375D71E-20F5-49FD-BC04-B23E40E443B6}.Debug|x86.Deploy.0 = Debug|x86
		{A375D71E-20F5-49FD-BC04-B23E40E443B6}.Release|Any CPU.ActiveCfg = Release|x86
		{A375D71E-20F5-49FD-BC04-B23E40E443B6}.Release|ARM.ActiveCfg = Release|ARM
		{A375D71E-20F5-49FD-BC04-B23E40E443B6}.Release|ARM.Build.0 = Release|ARM
		{A375D71E-20F5-49FD-BC04-B23E40E443B6}.Release|ARM.Deploy.0 = Release|ARM
		{A375D71E-20F5-49FD-BC04-B23E40E443B6}.Release|iPhone.ActiveCfg = Release|x86
		{A375D71E-20F5-49FD-BC04-B23E40E443B6}.Release|iPhoneSimulator.ActiveCfg = Release|x86
		{A375D71E-20F5-49FD-BC04-B23E40E443B6}.Release|x64.ActiveCfg = Release|x64
		{A375D71E-20F5-49FD-BC04-B23E40E443B6}.Release|x64.Build.0 = Release|x64
		{A375D71E-20F5-49FD-BC04-B23E40E443B6}.Release|x64.Deploy.0 = Release|x64
		{A375D71E-20F5-49FD-BC04-B23E40E443B6}.Release|x86.ActiveCfg = Release|x86
		{A375D71E-20F5-49FD-BC04-B23E40E443B6}.Release|x86.Build.0 = Release|x86
		{A375D71E-20F5-49FD-BC04-B23E40E443B6}.Release|x86.Deploy.0 = Release|x86
		{F7F85D20-F3DF-4C1E-AF65-C4E7F7A0A7C0}.Ad-Hoc|Any CPU.ActiveCfg = Ad-Hoc|iPhone
		{F7F85D20-F3DF-4C1E-AF65-C4E7F7A0A7C0}.Ad-Hoc|ARM.ActiveCfg = Ad-Hoc|iPhone
		{F7F85D20-F3DF-4C1E-AF65-C4E7F7A0A7C0}.Ad-Hoc|iPhone.ActiveCfg = Ad-Hoc|iPhone
		{F7F85D20-F3DF-4C1E-AF65-C4E7F7A0A7C0}.Ad-Hoc|iPhone.Build.0 = Ad-Hoc|iPhone
		{F7F85D20-F3DF-4C1E-AF65-C4E7F7A0A7C0}.Ad-Hoc|iPhoneSimulator.ActiveCfg = Ad-Hoc|iPhoneSimulator
		{F7F85D20-F3DF-4C1E-AF65-C4E7F7A0A7C0}.Ad-Hoc|iPhoneSimulator.Build.0 = Ad-Hoc|iPhoneSimulator
		{F7F85D20-F3DF-4C1E-AF65-C4E7F7A0A7C0}.Ad-Hoc|x64.ActiveCfg = Ad-Hoc|iPhone
		{F7F85D20-F3DF-4C1E-AF65-C4E7F7A0A7C0}.Ad-Hoc|x86.ActiveCfg = Ad-Hoc|iPhone
		{F7F85D20-F3DF-4C1E-AF65-C4E7F7A0A7C0}.AppStore|Any CPU.ActiveCfg = AppStore|iPhone
		{F7F85D20-F3DF-4C1E-AF65-C4E7F7A0A7C0}.AppStore|ARM.ActiveCfg = AppStore|iPhone
		{F7F85D20-F3DF-4C1E-AF65-C4E7F7A0A7C0}.AppStore|iPhone.ActiveCfg = AppStore|iPhone
		{F7F85D20-F3DF-4C1E-AF65-C4E7F7A0A7C0}.AppStore|iPhone.Build.0 = AppStore|iPhone
		{F7F85D20-F3DF-4C1E-AF65-C4E7F7A0A7C0}.AppStore|iPhoneSimulator.ActiveCfg = AppStore|iPhoneSimulator
		{F7F85D20-F3DF-4C1E-AF65-C4E7F7A0A7C0}.AppStore|iPhoneSimulator.Build.0 = AppStore|iPhoneSimulator
		{F7F85D20-F3DF-4C1E-AF65-C4E7F7A0A7C0}.AppStore|x64.ActiveCfg = AppStore|iPhone
		{F7F85D20-F3DF-4C1E-AF65-C4E7F7A0A7C0}.AppStore|x86.ActiveCfg = AppStore|iPhone
		{F7F85D20-F3DF-4C1E-AF65-C4E7F7A0A7C0}.Debug|Any CPU.ActiveCfg = Debug|iPhone
		{F7F85D20-F3DF-4C1E-AF65-C4E7F7A0A7C0}.Debug|ARM.ActiveCfg = Debug|iPhone
		{F7F85D20-F3DF-4C1E-AF65-C4E7F7A0A7C0}.Debug|iPhone.ActiveCfg = Debug|iPhone
		{F7F85D20-F3DF-4C1E-AF65-C4E7F7A0A7C0}.Debug|iPhone.Build.0 = Debug|iPhone
		{F7F85D20-F3DF-4C1E-AF65-C4E7F7A0A7C0}.Debug|iPhoneSimulator.ActiveCfg = Debug|iPhoneSimulator
		{F7F85D20-F3DF-4C1E-AF65-C4E7F7A0A7C0}.Debug|iPhoneSimulator.Build.0 = Debug|iPhoneSimulator
		{F7F85D20-F3DF-4C1E-AF65-C4E7F7A0A7C0}.Debug|x64.ActiveCfg = Debug|iPhone
		{F7F85D20-F3DF-4C1E-AF65-C4E7F7A0A7C0}.Debug|x86.ActiveCfg = Debug|iPhone
		{F7F85D20-F3DF-4C1E-AF65-C4E7F7A0A7C0}.Release|Any CPU.ActiveCfg = Release|iPhone
		{F7F85D20-F3DF-4C1E-AF65-C4E7F7A0A7C0}.Release|ARM.ActiveCfg = Release|iPhone
		{F7F85D20-F3DF-4C1E-AF65-C4E7F7A0A7C0}.Release|iPhone.ActiveCfg = Release|iPhone
		{F7F85D20-F3DF-4C1E-AF65-C4E7F7A0A7C0}.Release|iPhone.Build.0 = Release|iPhone
		{F7F85D20-F3DF-4C1E-AF65-C4E7F7A0A7C0}.Release|iPhoneSimulator.ActiveCfg = Release|iPhoneSimulator
		{F7F85D20-F3DF-4C1E-AF65-C4E7F7A0A7C0}.Release|iPhoneSimulator.Build.0 = Release|iPhoneSimulator
		{F7F85D20-F3DF-4C1E-AF65-C4E7F7A0A7C0}.Release|x64.ActiveCfg = Release|iPhone
		{F7F85D20-F3DF-4C1E-AF65-C4E7F7A0A7C0}.Release|x86.ActiveCfg = Release|iPhone
	EndGlobalSection
	GlobalSection(SolutionProperties) = preSolution
		HideSolutionNode = FALSE
	EndGlobalSection
EndGlobal
